
Microsoft Visual Studio Solution File, Format Version 12.00
# Visual Studio Version 17
VisualStudioVersion = 17.0.31903.59
MinimumVisualStudioVersion = 10.0.40219.1
Project("{2150E333-8FDC-42A3-9474-1A3956D46DE8}") = "src", "src", "{827E0CD3-B72D-47B6-A68D-7590B98EB39B}"
EndProject
Project("{FAE04EC0-301F-11D3-BF4B-00C04F79EFBC}") = "McGui.Core", "src\McGui.Core\McGui.Core.csproj", "{1E3A507D-EBF4-436B-B628-F03C3243B8B6}"
EndProject
Project("{FAE04EC0-301F-11D3-BF4B-00C04F79EFBC}") = "McGui.Infrastructure.macOS", "src\McGui.Infrastructure.macOS\McGui.Infrastructure.macOS.csproj", "{1D26040B-C5B8-4B78-88C1-DF094D9CE967}"
EndProject
Project("{FAE04EC0-301F-11D3-BF4B-00C04F79EFBC}") = "McGui.App", "src\McGui.App\McGui.App.csproj", "{85533869-DE47-433C-90CC-12148C506922}"
EndProject
Project("{2150E333-8FDC-42A3-9474-1A3956D46DE8}") = "tests", "tests", "{0AB3BF05-4346-4AA6-1389-037BE0695223}"
EndProject
Project("{FAE04EC0-301F-11D3-BF4B-00C04F79EFBC}") = "McGui.Core.Tests", "tests\McGui.Core.Tests\McGui.Core.Tests.csproj", "{88AC7206-98DA-4A56-A565-2957B3B378F4}"
EndProject
Project("{FAE04EC0-301F-11D3-BF4B-00C04F79EFBC}") = "McGui.Infrastructure.macOS.Tests", "tests\McGui.Infrastructure.macOS.Tests\McGui.Infrastructure.macOS.Tests.csproj", "{88F879BB-DAB0-4247-9ED5-90DFC1D4D3AB}"
EndProject
Project("{FAE04EC0-301F-11D3-BF4B-00C04F79EFBC}") = "McGui.App.Tests", "tests\McGui.App.Tests\McGui.App.Tests.csproj", "{85BD2186-A07B-425C-9292-42A04D0F97F2}"
EndProject
Global
	GlobalSection(SolutionConfigurationPlatforms) = preSolution
		Debug|Any CPU = Debug|Any CPU
		Debug|x64 = Debug|x64
		Debug|x86 = Debug|x86
		Release|Any CPU = Release|Any CPU
		Release|x64 = Release|x64
		Release|x86 = Release|x86
	EndGlobalSection
	GlobalSection(ProjectConfigurationPlatforms) = postSolution
		{1E3A507D-EBF4-436B-B628-F03C3243B8B6}.Debug|Any CPU.ActiveCfg = Debug|Any CPU
		{1E3A507D-EBF4-436B-B628-F03C3243B8B6}.Debug|Any CPU.Build.0 = Debug|Any CPU
		{1E3A507D-EBF4-436B-B628-F03C3243B8B6}.Debug|x64.ActiveCfg = Debug|Any CPU
		{1E3A507D-EBF4-436B-B628-F03C3243B8B6}.Debug|x64.Build.0 = Debug|Any CPU
		{1E3A507D-EBF4-436B-B628-F03C3243B8B6}.Debug|x86.ActiveCfg = Debug|Any CPU
		{1E3A507D-EBF4-436B-B628-F03C3243B8B6}.Debug|x86.Build.0 = Debug|Any CPU
		{1E3A507D-EBF4-436B-B628-F03C3243B8B6}.Release|Any CPU.ActiveCfg = Release|Any CPU
		{1E3A507D-EBF4-436B-B628-F03C3243B8B6}.Release|Any CPU.Build.0 = Release|Any CPU
		{1E3A507D-EBF4-436B-B628-F03C3243B8B6}.Release|x64.ActiveCfg = Release|Any CPU
		{1E3A507D-EBF4-436B-B628-F03C3243B8B6}.Release|x64.Build.0 = Release|Any CPU
		{1E3A507D-EBF4-436B-B628-F03C3243B8B6}.Release|x86.ActiveCfg = Release|Any CPU
		{1E3A507D-EBF4-436B-B628-F03C3243B8B6}.Release|x86.Build.0 = Release|Any CPU
		{1D26040B-C5B8-4B78-88C1-DF094D9CE967}.Debug|Any CPU.ActiveCfg = Debug|Any CPU
		{1D26040B-C5B8-4B78-88C1-DF094D9CE967}.Debug|Any CPU.Build.0 = Debug|Any CPU
		{1D26040B-C5B8-4B78-88C1-DF094D9CE967}.Debug|x64.ActiveCfg = Debug|Any CPU
		{1D26040B-C5B8-4B78-88C1-DF094D9CE967}.Debug|x64.Build.0 = Debug|Any CPU
		{1D26040B-C5B8-4B78-88C1-DF094D9CE967}.Debug|x86.ActiveCfg = Debug|Any CPU
		{1D26040B-C5B8-4B78-88C1-DF094D9CE967}.Debug|x86.Build.0 = Debug|Any CPU
		{1D26040B-C5B8-4B78-88C1-DF094D9CE967}.Release|Any CPU.ActiveCfg = Release|Any CPU
		{1D26040B-C5B8-4B78-88C1-DF094D9CE967}.Release|Any CPU.Build.0 = Release|Any CPU
		{1D26040B-C5B8-4B78-88C1-DF094D9CE967}.Release|x64.ActiveCfg = Release|Any CPU
		{1D26040B-C5B8-4B78-88C1-DF094D9CE967}.Release|x64.Build.0 = Release|Any CPU
		{1D26040B-C5B8-4B78-88C1-DF094D9CE967}.Release|x86.ActiveCfg = Release|Any CPU
		{1D26040B-C5B8-4B78-88C1-DF094D9CE967}.Release|x86.Build.0 = Release|Any CPU
		{85533869-DE47-433C-90CC-12148C506922}.Debug|Any CPU.ActiveCfg = Debug|Any CPU
		{85533869-DE47-433C-90CC-12148C506922}.Debug|Any CPU.Build.0 = Debug|Any CPU
		{85533869-DE47-433C-90CC-12148C506922}.Debug|x64.ActiveCfg = Debug|Any CPU
		{85533869-DE47-433C-90CC-12148C506922}.Debug|x64.Build.0 = Debug|Any CPU
		{85533869-DE47-433C-90CC-12148C506922}.Debug|x86.ActiveCfg = Debug|Any CPU
		{85533869-DE47-433C-90CC-12148C506922}.Debug|x86.Build.0 = Debug|Any CPU
		{85533869-DE47-433C-90CC-12148C506922}.Release|Any CPU.ActiveCfg = Release|Any CPU
		{85533869-DE47-433C-90CC-12148C506922}.Release|Any CPU.Build.0 = Release|Any CPU
		{85533869-DE47-433C-90CC-12148C506922}.Release|x64.ActiveCfg = Release|Any CPU
		{85533869-DE47-433C-90CC-12148C506922}.Release|x64.Build.0 = Release|Any CPU
		{85533869-DE47-433C-90CC-12148C506922}.Release|x86.ActiveCfg = Release|Any CPU
		{85533869-DE47-433C-90CC-12148C506922}.Release|x86.Build.0 = Release|Any CPU
		{88AC7206-98DA-4A56-A565-2957B3B378F4}.Debug|Any CPU.ActiveCfg = Debug|Any CPU
		{88AC7206-98DA-4A56-A565-2957B3B378F4}.Debug|Any CPU.Build.0 = Debug|Any CPU
		{88AC7206-98DA-4A56-A565-2957B3B378F4}.Debug|x64.ActiveCfg = Debug|Any CPU
		{88AC7206-98DA-4A56-A565-2957B3B378F4}.Debug|x64.Build.0 = Debug|Any CPU
		{88AC7206-98DA-4A56-A565-2957B3B378F4}.Debug|x86.ActiveCfg = Debug|Any CPU
		{88AC7206-98DA-4A56-A565-2957B3B378F4}.Debug|x86.Build.0 = Debug|Any CPU
		{88AC7206-98DA-4A56-A565-2957B3B378F4}.Release|Any CPU.ActiveCfg = Release|Any CPU
		{88AC7206-98DA-4A56-A565-2957B3B378F4}.Release|Any CPU.Build.0 = Release|Any CPU
		{88AC7206-98DA-4A56-A565-2957B3B378F4}.Release|x64.ActiveCfg = Release|Any CPU
		{88AC7206-98DA-4A56-A565-2957B3B378F4}.Release|x64.Build.0 = Release|Any CPU
		{88AC7206-98DA-4A56-A565-2957B3B378F4}.Release|x86.ActiveCfg = Release|Any CPU
		{88AC7206-98DA-4A56-A565-2957B3B378F4}.Release|x86.Build.0 = Release|Any CPU
		{88F879BB-DAB0-4247-9ED5-90DFC1D4D3AB}.Debug|Any CPU.ActiveCfg = Debug|Any CPU
		{88F879BB-DAB0-4247-9ED5-90DFC1D4D3AB}.Debug|Any CPU.Build.0 = Debug|Any CPU
		{88F879BB-DAB0-4247-9ED5-90DFC1D4D3AB}.Debug|x64.ActiveCfg = Debug|Any CPU
		{88F879BB-DAB0-4247-9ED5-90DFC1D4D3AB}.Debug|x64.Build.0 = Debug|Any CPU
		{88F879BB-DAB0-4247-9ED5-90DFC1D4D3AB}.Debug|x86.ActiveCfg = Debug|Any CPU
		{88F879BB-DAB0-4247-9ED5-90DFC1D4D3AB}.Debug|x86.Build.0 = Debug|Any CPU
		{88F879BB-DAB0-4247-9ED5-90DFC1D4D3AB}.Release|Any CPU.ActiveCfg = Release|Any CPU
		{88F879BB-DAB0-4247-9ED5-90DFC1D4D3AB}.Release|Any CPU.Build.0 = Release|Any CPU
		{88F879BB-DAB0-4247-9ED5-90DFC1D4D3AB}.Release|x64.ActiveCfg = Release|Any CPU
		{88F879BB-DAB0-4247-9ED5-90DFC1D4D3AB}.Release|x64.Build.0 = Release|Any CPU
		{88F879BB-DAB0-4247-9ED5-90DFC1D4D3AB}.Release|x86.ActiveCfg = Release|Any CPU
		{88F879BB-DAB0-4247-9ED5-90DFC1D4D3AB}.Release|x86.Build.0 = Release|Any CPU
		{85BD2186-A07B-425C-9292-42A04D0F97F2}.Debug|Any CPU.ActiveCfg = Debug|Any CPU
		{85BD2186-A07B-425C-9292-42A04D0F97F2}.Debug|Any CPU.Build.0 = Debug|Any CPU
		{85BD2186-A07B-425C-9292-42A04D0F97F2}.Debug|x64.ActiveCfg = Debug|Any CPU
		{85BD2186-A07B-425C-9292-42A04D0F97F2}.Debug|x64.Build.0 = Debug|Any CPU
		{85BD2186-A07B-425C-9292-42A04D0F97F2}.Debug|x86.ActiveCfg = Debug|Any CPU
		{85BD2186-A07B-425C-9292-42A04D0F97F2}.Debug|x86.Build.0 = Debug|Any CPU
		{85BD2186-A07B-425C-9292-42A04D0F97F2}.Release|Any CPU.ActiveCfg = Release|Any CPU
		{85BD2186-A07B-425C-9292-42A04D0F97F2}.Release|Any CPU.Build.0 = Release|Any CPU
		{85BD2186-A07B-425C-9292-42A04D0F97F2}.Release|x64.ActiveCfg = Release|Any CPU
		{85BD2186-A07B-425C-9292-42A04D0F97F2}.Release|x64.Build.0 = Release|Any CPU
		{85BD2186-A07B-425C-9292-42A04D0F97F2}.Release|x86.ActiveCfg = Release|Any CPU
		{85BD2186-A07B-425C-9292-42A04D0F97F2}.Release|x86.Build.0 = Release|Any CPU
	EndGlobalSection
	GlobalSection(SolutionProperties) = preSolution
		HideSolutionNode = FALSE
	EndGlobalSection
	GlobalSection(NestedProjects) = preSolution
		{1E3A507D-EBF4-436B-B628-F03C3243B8B6} = {827E0CD3-B72D-47B6-A68D-7590B98EB39B}
		{1D26040B-C5B8-4B78-88C1-DF094D9CE967} = {827E0CD3-B72D-47B6-A68D-7590B98EB39B}
		{85533869-DE47-433C-90CC-12148C506922} = {827E0CD3-B72D-47B6-A68D-7590B98EB39B}
		{88AC7206-98DA-4A56-A565-2957B3B378F4} = {0AB3BF05-4346-4AA6-1389-037BE0695223}
		{88F879BB-DAB0-4247-9ED5-90DFC1D4D3AB} = {0AB3BF05-4346-4AA6-1389-037BE0695223}
		{85BD2186-A07B-425C-9292-42A04D0F97F2} = {0AB3BF05-4346-4AA6-1389-037BE0695223}
	EndGlobalSection
EndGlobal
